
Microsoft Visual Studio Solution File, Format Version 12.00
# Visual Studio Version 17
VisualStudioVersion = 17.5.002.0
MinimumVisualStudioVersion = 10.0.40219.1
Project("{9A19103F-16F7-4668-BE54-9A1E7A4F7556}") = "RaffleApi", "RaffleApi.csproj", "{DDFBB4A2-5AF5-43DD-934E-5386F0F17AB9}"
EndProject
Global
	GlobalSection(SolutionConfigurationPlatforms) = preSolution
		Debug|Any CPU = Debug|Any CPU
		Release|Any CPU = Release|Any CPU
	EndGlobalSection
	GlobalSection(ProjectConfigurationPlatforms) = postSolution
		{DDFBB4A2-5AF5-43DD-934E-5386F0F17AB9}.Debug|Any CPU.ActiveCfg = Debug|Any CPU
		{DDFBB4A2-5AF5-43DD-934E-5386F0F17AB9}.Debug|Any CPU.Build.0 = Debug|Any CPU
		{DDFBB4A2-5AF5-43DD-934E-5386F0F17AB9}.Release|Any CPU.ActiveCfg = Release|Any CPU
		{DDFBB4A2-5AF5-43DD-934E-5386F0F17AB9}.Release|Any CPU.Build.0 = Release|Any CPU
	EndGlobalSection
	GlobalSection(SolutionProperties) = preSolution
		HideSolutionNode = FALSE
	EndGlobalSection
	GlobalSection(ExtensibilityGlobals) = postSolution
		SolutionGuid = {30C32F54-7211-4798-A5B8-79500CBDC5B9}
	EndGlobalSection
EndGlobal
